
Microsoft Visual Studio Solution File, Format Version 12.00
# Visual Studio Version 17
VisualStudioVersion = 17.9.34728.123
MinimumVisualStudioVersion = 10.0.40219.1
Project("{FAE04EC0-301F-11D3-BF4B-00C04F79EFBC}") = "FuncAndAction", "FuncAndAction\FuncAndAction.csproj", "{8DFA9A87-EE05-46BD-994C-9216D423DE5B}"
EndProject
Global
	GlobalSection(SolutionConfigurationPlatforms) = preSolution
		Debug|Any CPU = Debug|Any CPU
		Release|Any CPU = Release|Any CPU
	EndGlobalSection
	GlobalSection(ProjectConfigurationPlatforms) = postSolution
		{8DFA9A87-EE05-46BD-994C-9216D423DE5B}.Debug|Any CPU.ActiveCfg = Debug|Any CPU
		{8DFA9A87-EE05-46BD-994C-9216D423DE5B}.Debug|Any CPU.Build.0 = Debug|Any CPU
		{8DFA9A87-EE05-46BD-994C-9216D423DE5B}.Release|Any CPU.ActiveCfg = Release|Any CPU
		{8DFA9A87-EE05-46BD-994C-9216D423DE5B}.Release|Any CPU.Build.0 = Release|Any CPU
	EndGlobalSection
	GlobalSection(SolutionProperties) = preSolution
		HideSolutionNode = FALSE
	EndGlobalSection
	GlobalSection(ExtensibilityGlobals) = postSolution
		SolutionGuid = {21F1B101-3870-46E6-B2EB-E68D0AFC5ED2}
	EndGlobalSection
EndGlobal
